// !$*UTF8*$!
{
	archiveVersion = 1;
	classes = {
	};
	objectVersion = 50;
	objects = {

/* Begin PBXBuildFile section */
		AFBAF6BF2636DF94003B64F0 /* AppDelegate.swift in Sources */ = {isa = PBXBuildFile; fileRef = AFBAF6BE2636DF94003B64F0 /* AppDelegate.swift */; };
		AFBAF6C12636DF94003B64F0 /* SceneDelegate.swift in Sources */ = {isa = PBXBuildFile; fileRef = AFBAF6C02636DF94003B64F0 /* SceneDelegate.swift */; };
		AFBAF6C32636DF94003B64F0 /* ContentView.swift in Sources */ = {isa = PBXBuildFile; fileRef = AFBAF6C22636DF94003B64F0 /* ContentView.swift */; };
		AFBAF6C52636DF95003B64F0 /* Assets.xcassets in Resources */ = {isa = PBXBuildFile; fileRef = AFBAF6C42636DF95003B64F0 /* Assets.xcassets */; };
		AFBAF6C82636DF95003B64F0 /* Preview Assets.xcassets in Resources */ = {isa = PBXBuildFile; fileRef = AFBAF6C72636DF95003B64F0 /* Preview Assets.xcassets */; };
		AFBAF6CB2636DF95003B64F0 /* LaunchScreen.storyboard in Resources */ = {isa = PBXBuildFile; fileRef = AFBAF6C92636DF95003B64F0 /* LaunchScreen.storyboard */; };
		AFBAF6D42636E0B9003B64F0 /* StartView.swift in Sources */ = {isa = PBXBuildFile; fileRef = AFBAF6D32636E0B9003B64F0 /* StartView.swift */; };
/* End PBXBuildFile section */

/* Begin PBXFileReference section */
		AFBAF6BB2636DF94003B64F0 /* MahjongApp.app */ = {isa = PBXFileReference; explicitFileType = wrapper.application; includeInIndex = 0; path = MahjongApp.app; sourceTree = BUILT_PRODUCTS_DIR; };
		AFBAF6BE2636DF94003B64F0 /* AppDelegate.swift */ = {isa = PBXFileReference; lastKnownFileType = sourcecode.swift; path = AppDelegate.swift; sourceTree = "<group>"; };
		AFBAF6C02636DF94003B64F0 /* SceneDelegate.swift */ = {isa = PBXFileReference; lastKnownFileType = sourcecode.swift; path = SceneDelegate.swift; sourceTree = "<group>"; };
		AFBAF6C22636DF94003B64F0 /* ContentView.swift */ = {isa = PBXFileReference; lastKnownFileType = sourcecode.swift; path = ContentView.swift; sourceTree = "<group>"; };
		AFBAF6C42636DF95003B64F0 /* Assets.xcassets */ = {isa = PBXFileReference; lastKnownFileType = folder.assetcatalog; path = Assets.xcassets; sourceTree = "<group>"; };
		AFBAF6C72636DF95003B64F0 /* Preview Assets.xcassets */ = {isa = PBXFileReference; lastKnownFileType = folder.assetcatalog; path = "Preview Assets.xcassets"; sourceTree = "<group>"; };
		AFBAF6CA2636DF95003B64F0 /* Base */ = {isa = PBXFileReference; lastKnownFileType = file.storyboard; name = Base; path = Base.lproj/LaunchScreen.storyboard; sourceTree = "<group>"; };
		AFBAF6CC2636DF95003B64F0 /* Info.plist */ = {isa = PBXFileReference; lastKnownFileType = text.plist.xml; path = Info.plist; sourceTree = "<group>"; };
		AFBAF6D32636E0B9003B64F0 /* StartView.swift */ = {isa = PBXFileReference; lastKnownFileType = sourcecode.swift; path = StartView.swift; sourceTree = "<group>"; };
/* End PBXFileReference section */

/* Begin PBXFrameworksBuildPhase section */
		AFBAF6B82636DF94003B64F0 /* Frameworks */ = {
			isa = PBXFrameworksBuildPhase;
			buildActionMask = 2147483647;
			files = (
			);
			runOnlyForDeploymentPostprocessing = 0;
		};
/* End PBXFrameworksBuildPhase section */

/* Begin PBXGroup section */
		AFBAF6B22636DF94003B64F0 = {
			isa = PBXGroup;
			children = (
				AFBAF6BD2636DF94003B64F0 /* MahjongApp */,
				AFBAF6BC2636DF94003B64F0 /* Products */,
			);
			sourceTree = "<group>";
		};
		AFBAF6BC2636DF94003B64F0 /* Products */ = {
			isa = PBXGroup;
			children = (
				AFBAF6BB2636DF94003B64F0 /* MahjongApp.app */,
			);
			name = Products;
			sourceTree = "<group>";
		};
		AFBAF6BD2636DF94003B64F0 /* MahjongApp */ = {
			isa = PBXGroup;
			children = (
				AFBAF6D22636E08E003B64F0 /* ViewController */,
				AFBAF6BE2636DF94003B64F0 /* AppDelegate.swift */,
				AFBAF6C02636DF94003B64F0 /* SceneDelegate.swift */,
				AFBAF6C42636DF95003B64F0 /* Assets.xcassets */,
				AFBAF6C92636DF95003B64F0 /* LaunchScreen.storyboard */,
				AFBAF6CC2636DF95003B64F0 /* Info.plist */,
				AFBAF6C62636DF95003B64F0 /* Preview Content */,
			);
			path = MahjongApp;
			sourceTree = "<group>";
		};
		AFBAF6C62636DF95003B64F0 /* Preview Content */ = {
			isa = PBXGroup;
			children = (
				AFBAF6C72636DF95003B64F0 /* Preview Assets.xcassets */,
			);
			path = "Preview Content";
			sourceTree = "<group>";
		};
		AFBAF6D22636E08E003B64F0 /* ViewController */ = {
			isa = PBXGroup;
			children = (
				AFBAF6C22636DF94003B64F0 /* ContentView.swift */,
				AFBAF6D32636E0B9003B64F0 /* StartView.swift */,
			);
			path = ViewController;
			sourceTree = "<group>";
		};
/* End PBXGroup section */

/* Begin PBXNativeTarget section */
		AFBAF6BA2636DF94003B64F0 /* MahjongApp */ = {
			isa = PBXNativeTarget;
			buildConfigurationList = AFBAF6CF2636DF95003B64F0 /* Build configuration list for PBXNativeTarget "MahjongApp" */;
			buildPhases = (
				AFBAF6B72636DF94003B64F0 /* Sources */,
				AFBAF6B82636DF94003B64F0 /* Frameworks */,
				AFBAF6B92636DF94003B64F0 /* Resources */,
			);
			buildRules = (
			);
			dependencies = (
			);
			name = MahjongApp;
			productName = MahjongApp;
			productReference = AFBAF6BB2636DF94003B64F0 /* MahjongApp.app */;
			productType = "com.apple.product-type.application";
		};
/* End PBXNativeTarget section */

/* Begin PBXProject section */
		AFBAF6B32636DF94003B64F0 /* Project object */ = {
			isa = PBXProject;
			attributes = {
				LastSwiftUpdateCheck = 1170;
				LastUpgradeCheck = 1170;
				ORGANIZATIONNAME = "本田尚行";
				TargetAttributes = {
					AFBAF6BA2636DF94003B64F0 = {
						CreatedOnToolsVersion = 11.7;
					};
				};
			};
			buildConfigurationList = AFBAF6B62636DF94003B64F0 /* Build configuration list for PBXProject "MahjongApp" */;
			compatibilityVersion = "Xcode 9.3";
			developmentRegion = en;
			hasScannedForEncodings = 0;
			knownRegions = (
				en,
				Base,
			);
			mainGroup = AFBAF6B22636DF94003B64F0;
			productRefGroup = AFBAF6BC2636DF94003B64F0 /* Products */;
			projectDirPath = "";
			projectRoot = "";
			targets = (
				AFBAF6BA2636DF94003B64F0 /* MahjongApp */,
			);
		};
/* End PBXProject section */

/* Begin PBXResourcesBuildPhase section */
		AFBAF6B92636DF94003B64F0 /* Resources */ = {
			isa = PBXResourcesBuildPhase;
			buildActionMask = 2147483647;
			files = (
				AFBAF6CB2636DF95003B64F0 /* LaunchScreen.storyboard in Resources */,
				AFBAF6C82636DF95003B64F0 /* Preview Assets.xcassets in Resources */,
				AFBAF6C52636DF95003B64F0 /* Assets.xcassets in Resources */,
			);
			runOnlyForDeploymentPostprocessing = 0;
		};
/* End PBXResourcesBuildPhase section */

/* Begin PBXSourcesBuildPhase section */
		AFBAF6B72636DF94003B64F0 /* Sources */ = {
			isa = PBXSourcesBuildPhase;
			buildActionMask = 2147483647;
			files = (
				AFBAF6BF2636DF94003B64F0 /* AppDelegate.swift in Sources */,
				AFBAF6D42636E0B9003B64F0 /* StartView.swift in Sources */,
				AFBAF6C12636DF94003B64F0 /* SceneDelegate.swift in Sources */,
				AFBAF6C32636DF94003B64F0 /* ContentView.swift in Sources */,
			);
			runOnlyForDeploymentPostprocessing = 0;
		};
/* End PBXSourcesBuildPhase section */

/* Begin PBXVariantGroup section */
		AFBAF6C92636DF95003B64F0 /* LaunchScreen.storyboard */ = {
			isa = PBXVariantGroup;
			children = (
				AFBAF6CA2636DF95003B64F0 /* Base */,
			);
			name = LaunchScreen.storyboard;
			sourceTree = "<group>";
		};
/* End PBXVariantGroup section */

/* Begin XCBuildConfiguration section */
		AFBAF6CD2636DF95003B64F0 /* Debug */ = {
			isa = XCBuildConfiguration;
			buildSettings = {
				ALWAYS_SEARCH_USER_PATHS = NO;
				CLANG_ANALYZER_NONNULL = YES;
				CLANG_ANALYZER_NUMBER_OBJECT_CONVERSION = YES_AGGRESSIVE;
				CLANG_CXX_LANGUAGE_STANDARD = "gnu++14";
				CLANG_CXX_LIBRARY = "libc++";
				CLANG_ENABLE_MODULES = YES;
				CLANG_ENABLE_OBJC_ARC = YES;
				CLANG_ENABLE_OBJC_WEAK = YES;
				CLANG_WARN_BLOCK_CAPTURE_AUTORELEASING = YES;
				CLANG_WARN_BOOL_CONVERSION = YES;
				CLANG_WARN_COMMA = YES;
				CLANG_WARN_CONSTANT_CONVERSION = YES;
				CLANG_WARN_DEPRECATED_OBJC_IMPLEMENTATIONS = YES;
				CLANG_WARN_DIRECT_OBJC_ISA_USAGE = YES_ERROR;
				CLANG_WARN_DOCUMENTATION_COMMENTS = YES;
				CLANG_WARN_EMPTY_BODY = YES;
				CLANG_WARN_ENUM_CONVERSION = YES;
				CLANG_WARN_INFINITE_RECURSION = YES;
				CLANG_WARN_INT_CONVERSION = YES;
				CLANG_WARN_NON_LITERAL_NULL_CONVERSION = YES;
				CLANG_WARN_OBJC_IMPLICIT_RETAIN_SELF = YES;
				CLANG_WARN_OBJC_LITERAL_CONVERSION = YES;
				CLANG_WARN_OBJC_ROOT_CLASS = YES_ERROR;
				CLANG_WARN_RANGE_LOOP_ANALYSIS = YES;
				CLANG_WARN_STRICT_PROTOTYPES = YES;
				CLANG_WARN_SUSPICIOUS_MOVE = YES;
				CLANG_WARN_UNGUARDED_AVAILABILITY = YES_AGGRESSIVE;
				CLANG_WARN_UNREACHABLE_CODE = YES;
				CLANG_WARN__DUPLICATE_METHOD_MATCH = YES;
				COPY_PHASE_STRIP = NO;
				DEBUG_INFORMATION_FORMAT = dwarf;
				ENABLE_STRICT_OBJC_MSGSEND = YES;
				ENABLE_TESTABILITY = YES;
				GCC_C_LANGUAGE_STANDARD = gnu11;
				GCC_DYNAMIC_NO_PIC = NO;
				GCC_NO_COMMON_BLOCKS = YES;
				GCC_OPTIMIZATION_LEVEL = 0;
				GCC_PREPROCESSOR_DEFINITIONS = (
					"DEBUG=1",
					"$(inherited)",
				);
				GCC_WARN_64_TO_32_BIT_CONVERSION = YES;
				GCC_WARN_ABOUT_RETURN_TYPE = YES_ERROR;
				GCC_WARN_UNDECLARED_SELECTOR = YES;
				GCC_WARN_UNINITIALIZED_AUTOS = YES_AGGRESSIVE;
				GCC_WARN_UNUSED_FUNCTION = YES;
				GCC_WARN_UNUSED_VARIABLE = YES;
				IPHONEOS_DEPLOYMENT_TARGET = 13.7;
				MTL_ENABLE_DEBUG_INFO = INCLUDE_SOURCE;
				MTL_FAST_MATH = YES;
				ONLY_ACTIVE_ARCH = YES;
				SDKROOT = iphoneos;
				SWIFT_ACTIVE_COMPILATION_CONDITIONS = DEBUG;
				SWIFT_OPTIMIZATION_LEVEL = "-Onone";
			};
			name = Debug;
		};
		AFBAF6CE2636DF95003B64F0 /* Release */ = {
			isa = XCBuildConfiguration;
			buildSettings = {
				ALWAYS_SEARCH_USER_PATHS = NO;
				CLANG_ANALYZER_NONNULL = YES;
				CLANG_ANALYZER_NUMBER_OBJECT_CONVERSION = YES_AGGRESSIVE;
				CLANG_CXX_LANGUAGE_STANDARD = "gnu++14";
				CLANG_CXX_LIBRARY = "libc++";
				CLANG_ENABLE_MODULES = YES;
				CLANG_ENABLE_OBJC_ARC = YES;
				CLANG_ENABLE_OBJC_WEAK = YES;
				CLANG_WARN_BLOCK_CAPTURE_AUTORELEASING = YES;
				CLANG_WARN_BOOL_CONVERSION = YES;
				CLANG_WARN_COMMA = YES;
				CLANG_WARN_CONSTANT_CONVERSION = YES;
				CLANG_WARN_DEPRECATED_OBJC_IMPLEMENTATIONS = YES;
				CLANG_WARN_DIRECT_OBJC_ISA_USAGE = YES_ERROR;
				CLANG_WARN_DOCUMENTATION_COMMENTS = YES;
				CLANG_WARN_EMPTY_BODY = YES;
				CLANG_WARN_ENUM_CONVERSION = YES;
				CLANG_WARN_INFINITE_RECURSION = YES;
				CLANG_WARN_INT_CONVERSION = YES;
				CLANG_WARN_NON_LITERAL_NULL_CONVERSION = YES;
				CLANG_WARN_OBJC_IMPLICIT_RETAIN_SELF = YES;
				CLANG_WARN_OBJC_LITERAL_CONVERSION = YES;
				CLANG_WARN_OBJC_ROOT_CLASS = YES_ERROR;
				CLANG_WARN_RANGE_LOOP_ANALYSIS = YES;
				CLANG_WARN_STRICT_PROTOTYPES = YES;
				CLANG_WARN_SUSPICIOUS_MOVE = YES;
				CLANG_WARN_UNGUARDED_AVAILABILITY = YES_AGGRESSIVE;
				CLANG_WARN_UNREACHABLE_CODE = YES;
				CLANG_WARN__DUPLICATE_METHOD_MATCH = YES;
				COPY_PHASE_STRIP = NO;
				DEBUG_INFORMATION_FORMAT = "dwarf-with-dsym";
				ENABLE_NS_ASSERTIONS = NO;
				ENABLE_STRICT_OBJC_MSGSEND = YES;
				GCC_C_LANGUAGE_STANDARD = gnu11;
				GCC_NO_COMMON_BLOCKS = YES;
				GCC_WARN_64_TO_32_BIT_CONVERSION = YES;
				GCC_WARN_ABOUT_RETURN_TYPE = YES_ERROR;
				GCC_WARN_UNDECLARED_SELECTOR = YES;
				GCC_WARN_UNINITIALIZED_AUTOS = YES_AGGRESSIVE;
				GCC_WARN_UNUSED_FUNCTION = YES;
				GCC_WARN_UNUSED_VARIABLE = YES;
				IPHONEOS_DEPLOYMENT_TARGET = 13.7;
				MTL_ENABLE_DEBUG_INFO = NO;
				MTL_FAST_MATH = YES;
				SDKROOT = iphoneos;
				SWIFT_COMPILATION_MODE = wholemodule;
				SWIFT_OPTIMIZATION_LEVEL = "-O";
				VALIDATE_PRODUCT = YES;
			};
			name = Release;
		};
		AFBAF6D02636DF95003B64F0 /* Debug */ = {
			isa = XCBuildConfiguration;
			buildSettings = {
				ASSETCATALOG_COMPILER_APPICON_NAME = AppIcon;
				CODE_SIGN_STYLE = Automatic;
				DEVELOPMENT_ASSET_PATHS = "\"MahjongApp/Preview Content\"";
				DEVELOPMENT_TEAM = 82C875UJ9D;
				ENABLE_PREVIEWS = YES;
				INFOPLIST_FILE = MahjongApp/Info.plist;
				LD_RUNPATH_SEARCH_PATHS = (
					"$(inherited)",
					"@executable_path/Frameworks",
				);
				PRODUCT_BUNDLE_IDENTIFIER = Separeter.MahjongApp;
				PRODUCT_NAME = "$(TARGET_NAME)";
				SWIFT_VERSION = 5.0;
				TARGETED_DEVICE_FAMILY = "1,2";
			};
			name = Debug;
		};
		AFBAF6D12636DF95003B64F0 /* Release */ = {
			isa = XCBuildConfiguration;
			buildSettings = {
				ASSETCATALOG_COMPILER_APPICON_NAME = AppIcon;
				CODE_SIGN_STYLE = Automatic;
				DEVELOPMENT_ASSET_PATHS = "\"MahjongApp/Preview Content\"";
				DEVELOPMENT_TEAM = 82C875UJ9D;
				ENABLE_PREVIEWS = YES;
				INFOPLIST_FILE = MahjongApp/Info.plist;
				LD_RUNPATH_SEARCH_PATHS = (
					"$(inherited)",
					"@executable_path/Frameworks",
				);
				PRODUCT_BUNDLE_IDENTIFIER = Separeter.MahjongApp;
				PRODUCT_NAME = "$(TARGET_NAME)";
				SWIFT_VERSION = 5.0;
				TARGETED_DEVICE_FAMILY = "1,2";
			};
			name = Release;
		};
/* End XCBuildConfiguration section */

/* Begin XCConfigurationList section */
		AFBAF6B62636DF94003B64F0 /* Build configuration list for PBXProject "MahjongApp" */ = {
			isa = XCConfigurationList;
			buildConfigurations = (
				AFBAF6CD2636DF95003B64F0 /* Debug */,
				AFBAF6CE2636DF95003B64F0 /* Release */,
			);
			defaultConfigurationIsVisible = 0;
			defaultConfigurationName = Release;
		};
		AFBAF6CF2636DF95003B64F0 /* Build configuration list for PBXNativeTarget "MahjongApp" */ = {
			isa = XCConfigurationList;
			buildConfigurations = (
				AFBAF6D02636DF95003B64F0 /* Debug */,
				AFBAF6D12636DF95003B64F0 /* Release */,
			);
			defaultConfigurationIsVisible = 0;
			defaultConfigurationName = Release;
		};
/* End XCConfigurationList section */
	};
	rootObject = AFBAF6B32636DF94003B64F0 /* Project object */;
}
